
Microsoft Visual Studio Solution File, Format Version 12.00
# Visual Studio Version 17
VisualStudioVersion = 17.7.34202.233
MinimumVisualStudioVersion = 10.0.40219.1
Project("{FAE04EC0-301F-11D3-BF4B-00C04F79EFBC}") = "01 Variables", "01 Variables\01 Variables.csproj", "{D717E143-35CC-47D5-9374-3C58EE1CFBFF}"
EndProject
Project("{2150E333-8FDC-42A3-9474-1A3956D46DE8}") = "01 Variables", "01 Variables", "{78E78D34-5499-4B9E-9943-636B99567BDC}"
EndProject
Project("{FAE04EC0-301F-11D3-BF4B-00C04F79EFBC}") = "02 Output", "02 Output\02 Output.csproj", "{77AE3C98-FC94-43FD-B432-BB0FDFAC032F}"
EndProject
Project("{2150E333-8FDC-42A3-9474-1A3956D46DE8}") = "02 Output", "02 Output", "{B096D024-B498-4E99-9CF0-A18FC92C9D04}"
EndProject
Project("{FAE04EC0-301F-11D3-BF4B-00C04F79EFBC}") = "Task_01", "Task_01\Task_01.csproj", "{FF9DDE7D-C94A-4377-9C4A-C37977F24729}"
EndProject
Project("{FAE04EC0-301F-11D3-BF4B-00C04F79EFBC}") = "Task_02", "Task_02\Task_02.csproj", "{77D3CCDA-B70D-4912-B973-E6A2E0AB93D5}"
EndProject
Project("{FAE04EC0-301F-11D3-BF4B-00C04F79EFBC}") = "Task_03", "Task_03\Task_03.csproj", "{1C1FFACE-A860-4B47-BD9A-E7D3AAFE73B4}"
EndProject
Project("{FAE04EC0-301F-11D3-BF4B-00C04F79EFBC}") = "Task_04", "Task_04\Task_04.csproj", "{94CA777E-26BA-45A4-B4B8-A3E622DA7B24}"
EndProject
Project("{FAE04EC0-301F-11D3-BF4B-00C04F79EFBC}") = "Task_05", "Task_05\Task_05.csproj", "{4FDF57B8-7760-4B73-AC44-CE42F5243522}"
EndProject
Project("{FAE04EC0-301F-11D3-BF4B-00C04F79EFBC}") = "Task_06", "Task_06\Task_06.csproj", "{556BA801-B7F0-4403-B4FD-80BE5B7ADE24}"
EndProject
Project("{2150E333-8FDC-42A3-9474-1A3956D46DE8}") = "03 Input", "03 Input", "{B891F889-59FD-45FA-9FAE-F0A3708D6928}"
EndProject
Project("{FAE04EC0-301F-11D3-BF4B-00C04F79EFBC}") = "Task_07", "Task_07\Task_07.csproj", "{B15B9242-5EEA-461F-A650-B1E4965D1D2C}"
EndProject
Project("{FAE04EC0-301F-11D3-BF4B-00C04F79EFBC}") = "Task_08", "Task_08\Task_08.csproj", "{57A77015-049F-4A05-8E57-E5A3121F09B0}"
EndProject
Project("{2150E333-8FDC-42A3-9474-1A3956D46DE8}") = "04 Statements and loops", "04 Statements and loops", "{B7E20BCF-2B3C-4F8E-99DA-7F3197447AEF}"
EndProject
Project("{FAE04EC0-301F-11D3-BF4B-00C04F79EFBC}") = "Task_09", "Task_09\Task_09.csproj", "{C9A183EC-2A20-4C2B-AF04-512873DC28A0}"
EndProject
Project("{FAE04EC0-301F-11D3-BF4B-00C04F79EFBC}") = "Task_10", "Task_10\Task_10.csproj", "{15B689D1-98EE-49EF-97DC-670280EAD0B1}"
EndProject
Project("{FAE04EC0-301F-11D3-BF4B-00C04F79EFBC}") = "Task_11", "Task_11\Task_11.csproj", "{C30A9CE8-CE7F-4BEA-8812-9C55D504980B}"
EndProject
Project("{FAE04EC0-301F-11D3-BF4B-00C04F79EFBC}") = "Task_12", "Task_12\Task_12.csproj", "{2B32C03A-F750-459A-8637-6FB4360FDA04}"
EndProject
Project("{FAE04EC0-301F-11D3-BF4B-00C04F79EFBC}") = "Task_13", "Task_13\Task_13.csproj", "{EA61DE8F-4691-4BC5-8F29-EED2F5876881}"
EndProject
Project("{FAE04EC0-301F-11D3-BF4B-00C04F79EFBC}") = "Task_14", "Task_14\Task_14.csproj", "{7408C9F7-E25C-487E-84B3-B8DF01BC770C}"
EndProject
Project("{FAE04EC0-301F-11D3-BF4B-00C04F79EFBC}") = "Task_15", "Task_15\Task_15.csproj", "{33F759E0-00DB-4658-867A-8966D823B9F6}"
EndProject
Project("{FAE04EC0-301F-11D3-BF4B-00C04F79EFBC}") = "Task_17", "Task_17\Task_17.csproj", "{011014F0-E3FC-40C4-8A85-296344D7B333}"
EndProject
Project("{FAE04EC0-301F-11D3-BF4B-00C04F79EFBC}") = "Task_18", "Task_18\Task_18.csproj", "{7BAE6546-F12D-4644-A86E-717A2D62A55C}"
EndProject
Project("{FAE04EC0-301F-11D3-BF4B-00C04F79EFBC}") = "Task_16", "Task_16\Task_16.csproj", "{9D81E07E-363A-4DB1-8902-B103A0110F7B}"
EndProject
Project("{FAE04EC0-301F-11D3-BF4B-00C04F79EFBC}") = "Task_19", "Task_19\Task_19.csproj", "{03422663-89B4-43C4-BD36-14337F355C7E}"
EndProject
Project("{FAE04EC0-301F-11D3-BF4B-00C04F79EFBC}") = "Task_20", "Task_20\Task_20.csproj", "{99DA82BC-4029-4A2D-8361-6B7C1764A1A9}"
EndProject
Global
	GlobalSection(SolutionConfigurationPlatforms) = preSolution
		Debug|Any CPU = Debug|Any CPU
		Release|Any CPU = Release|Any CPU
	EndGlobalSection
	GlobalSection(ProjectConfigurationPlatforms) = postSolution
		{D717E143-35CC-47D5-9374-3C58EE1CFBFF}.Debug|Any CPU.ActiveCfg = Debug|Any CPU
		{D717E143-35CC-47D5-9374-3C58EE1CFBFF}.Debug|Any CPU.Build.0 = Debug|Any CPU
		{D717E143-35CC-47D5-9374-3C58EE1CFBFF}.Release|Any CPU.ActiveCfg = Release|Any CPU
		{D717E143-35CC-47D5-9374-3C58EE1CFBFF}.Release|Any CPU.Build.0 = Release|Any CPU
		{77AE3C98-FC94-43FD-B432-BB0FDFAC032F}.Debug|Any CPU.ActiveCfg = Debug|Any CPU
		{77AE3C98-FC94-43FD-B432-BB0FDFAC032F}.Debug|Any CPU.Build.0 = Debug|Any CPU
		{77AE3C98-FC94-43FD-B432-BB0FDFAC032F}.Release|Any CPU.ActiveCfg = Release|Any CPU
		{77AE3C98-FC94-43FD-B432-BB0FDFAC032F}.Release|Any CPU.Build.0 = Release|Any CPU
		{FF9DDE7D-C94A-4377-9C4A-C37977F24729}.Debug|Any CPU.ActiveCfg = Debug|Any CPU
		{FF9DDE7D-C94A-4377-9C4A-C37977F24729}.Debug|Any CPU.Build.0 = Debug|Any CPU
		{FF9DDE7D-C94A-4377-9C4A-C37977F24729}.Release|Any CPU.ActiveCfg = Release|Any CPU
		{FF9DDE7D-C94A-4377-9C4A-C37977F24729}.Release|Any CPU.Build.0 = Release|Any CPU
		{77D3CCDA-B70D-4912-B973-E6A2E0AB93D5}.Debug|Any CPU.ActiveCfg = Debug|Any CPU
		{77D3CCDA-B70D-4912-B973-E6A2E0AB93D5}.Debug|Any CPU.Build.0 = Debug|Any CPU
		{77D3CCDA-B70D-4912-B973-E6A2E0AB93D5}.Release|Any CPU.ActiveCfg = Release|Any CPU
		{77D3CCDA-B70D-4912-B973-E6A2E0AB93D5}.Release|Any CPU.Build.0 = Release|Any CPU
		{1C1FFACE-A860-4B47-BD9A-E7D3AAFE73B4}.Debug|Any CPU.ActiveCfg = Debug|Any CPU
		{1C1FFACE-A860-4B47-BD9A-E7D3AAFE73B4}.Debug|Any CPU.Build.0 = Debug|Any CPU
		{1C1FFACE-A860-4B47-BD9A-E7D3AAFE73B4}.Release|Any CPU.ActiveCfg = Release|Any CPU
		{1C1FFACE-A860-4B47-BD9A-E7D3AAFE73B4}.Release|Any CPU.Build.0 = Release|Any CPU
		{94CA777E-26BA-45A4-B4B8-A3E622DA7B24}.Debug|Any CPU.ActiveCfg = Debug|Any CPU
		{94CA777E-26BA-45A4-B4B8-A3E622DA7B24}.Debug|Any CPU.Build.0 = Debug|Any CPU
		{94CA777E-26BA-45A4-B4B8-A3E622DA7B24}.Release|Any CPU.ActiveCfg = Release|Any CPU
		{94CA777E-26BA-45A4-B4B8-A3E622DA7B24}.Release|Any CPU.Build.0 = Release|Any CPU
		{4FDF57B8-7760-4B73-AC44-CE42F5243522}.Debug|Any CPU.ActiveCfg = Debug|Any CPU
		{4FDF57B8-7760-4B73-AC44-CE42F5243522}.Debug|Any CPU.Build.0 = Debug|Any CPU
		{4FDF57B8-7760-4B73-AC44-CE42F5243522}.Release|Any CPU.ActiveCfg = Release|Any CPU
		{4FDF57B8-7760-4B73-AC44-CE42F5243522}.Release|Any CPU.Build.0 = Release|Any CPU
		{556BA801-B7F0-4403-B4FD-80BE5B7ADE24}.Debug|Any CPU.ActiveCfg = Debug|Any CPU
		{556BA801-B7F0-4403-B4FD-80BE5B7ADE24}.Debug|Any CPU.Build.0 = Debug|Any CPU
		{556BA801-B7F0-4403-B4FD-80BE5B7ADE24}.Release|Any CPU.ActiveCfg = Release|Any CPU
		{556BA801-B7F0-4403-B4FD-80BE5B7ADE24}.Release|Any CPU.Build.0 = Release|Any CPU
		{B15B9242-5EEA-461F-A650-B1E4965D1D2C}.Debug|Any CPU.ActiveCfg = Debug|Any CPU
		{B15B9242-5EEA-461F-A650-B1E4965D1D2C}.Debug|Any CPU.Build.0 = Debug|Any CPU
		{B15B9242-5EEA-461F-A650-B1E4965D1D2C}.Release|Any CPU.ActiveCfg = Release|Any CPU
		{B15B9242-5EEA-461F-A650-B1E4965D1D2C}.Release|Any CPU.Build.0 = Release|Any CPU
		{57A77015-049F-4A05-8E57-E5A3121F09B0}.Debug|Any CPU.ActiveCfg = Debug|Any CPU
		{57A77015-049F-4A05-8E57-E5A3121F09B0}.Debug|Any CPU.Build.0 = Debug|Any CPU
		{57A77015-049F-4A05-8E57-E5A3121F09B0}.Release|Any CPU.ActiveCfg = Release|Any CPU
		{57A77015-049F-4A05-8E57-E5A3121F09B0}.Release|Any CPU.Build.0 = Release|Any CPU
		{C9A183EC-2A20-4C2B-AF04-512873DC28A0}.Debug|Any CPU.ActiveCfg = Debug|Any CPU
		{C9A183EC-2A20-4C2B-AF04-512873DC28A0}.Debug|Any CPU.Build.0 = Debug|Any CPU
		{C9A183EC-2A20-4C2B-AF04-512873DC28A0}.Release|Any CPU.ActiveCfg = Release|Any CPU
		{C9A183EC-2A20-4C2B-AF04-512873DC28A0}.Release|Any CPU.Build.0 = Release|Any CPU
		{15B689D1-98EE-49EF-97DC-670280EAD0B1}.Debug|Any CPU.ActiveCfg = Debug|Any CPU
		{15B689D1-98EE-49EF-97DC-670280EAD0B1}.Debug|Any CPU.Build.0 = Debug|Any CPU
		{15B689D1-98EE-49EF-97DC-670280EAD0B1}.Release|Any CPU.ActiveCfg = Release|Any CPU
		{15B689D1-98EE-49EF-97DC-670280EAD0B1}.Release|Any CPU.Build.0 = Release|Any CPU
		{C30A9CE8-CE7F-4BEA-8812-9C55D504980B}.Debug|Any CPU.ActiveCfg = Debug|Any CPU
		{C30A9CE8-CE7F-4BEA-8812-9C55D504980B}.Debug|Any CPU.Build.0 = Debug|Any CPU
		{C30A9CE8-CE7F-4BEA-8812-9C55D504980B}.Release|Any CPU.ActiveCfg = Release|Any CPU
		{C30A9CE8-CE7F-4BEA-8812-9C55D504980B}.Release|Any CPU.Build.0 = Release|Any CPU
		{2B32C03A-F750-459A-8637-6FB4360FDA04}.Debug|Any CPU.ActiveCfg = Debug|Any CPU
		{2B32C03A-F750-459A-8637-6FB4360FDA04}.Debug|Any CPU.Build.0 = Debug|Any CPU
		{2B32C03A-F750-459A-8637-6FB4360FDA04}.Release|Any CPU.ActiveCfg = Release|Any CPU
		{2B32C03A-F750-459A-8637-6FB4360FDA04}.Release|Any CPU.Build.0 = Release|Any CPU
		{EA61DE8F-4691-4BC5-8F29-EED2F5876881}.Debug|Any CPU.ActiveCfg = Debug|Any CPU
		{EA61DE8F-4691-4BC5-8F29-EED2F5876881}.Debug|Any CPU.Build.0 = Debug|Any CPU
		{EA61DE8F-4691-4BC5-8F29-EED2F5876881}.Release|Any CPU.ActiveCfg = Release|Any CPU
		{EA61DE8F-4691-4BC5-8F29-EED2F5876881}.Release|Any CPU.Build.0 = Release|Any CPU
		{7408C9F7-E25C-487E-84B3-B8DF01BC770C}.Debug|Any CPU.ActiveCfg = Debug|Any CPU
		{7408C9F7-E25C-487E-84B3-B8DF01BC770C}.Debug|Any CPU.Build.0 = Debug|Any CPU
		{7408C9F7-E25C-487E-84B3-B8DF01BC770C}.Release|Any CPU.ActiveCfg = Release|Any CPU
		{7408C9F7-E25C-487E-84B3-B8DF01BC770C}.Release|Any CPU.Build.0 = Release|Any CPU
		{33F759E0-00DB-4658-867A-8966D823B9F6}.Debug|Any CPU.ActiveCfg = Debug|Any CPU
		{33F759E0-00DB-4658-867A-8966D823B9F6}.Debug|Any CPU.Build.0 = Debug|Any CPU
		{33F759E0-00DB-4658-867A-8966D823B9F6}.Release|Any CPU.ActiveCfg = Release|Any CPU
		{33F759E0-00DB-4658-867A-8966D823B9F6}.Release|Any CPU.Build.0 = Release|Any CPU
		{011014F0-E3FC-40C4-8A85-296344D7B333}.Debug|Any CPU.ActiveCfg = Debug|Any CPU
		{011014F0-E3FC-40C4-8A85-296344D7B333}.Debug|Any CPU.Build.0 = Debug|Any CPU
		{011014F0-E3FC-40C4-8A85-296344D7B333}.Release|Any CPU.ActiveCfg = Release|Any CPU
		{011014F0-E3FC-40C4-8A85-296344D7B333}.Release|Any CPU.Build.0 = Release|Any CPU
		{7BAE6546-F12D-4644-A86E-717A2D62A55C}.Debug|Any CPU.ActiveCfg = Debug|Any CPU
		{7BAE6546-F12D-4644-A86E-717A2D62A55C}.Debug|Any CPU.Build.0 = Debug|Any CPU
		{7BAE6546-F12D-4644-A86E-717A2D62A55C}.Release|Any CPU.ActiveCfg = Release|Any CPU
		{7BAE6546-F12D-4644-A86E-717A2D62A55C}.Release|Any CPU.Build.0 = Release|Any CPU
		{9D81E07E-363A-4DB1-8902-B103A0110F7B}.Debug|Any CPU.ActiveCfg = Debug|Any CPU
		{9D81E07E-363A-4DB1-8902-B103A0110F7B}.Debug|Any CPU.Build.0 = Debug|Any CPU
		{9D81E07E-363A-4DB1-8902-B103A0110F7B}.Release|Any CPU.ActiveCfg = Release|Any CPU
		{9D81E07E-363A-4DB1-8902-B103A0110F7B}.Release|Any CPU.Build.0 = Release|Any CPU
		{03422663-89B4-43C4-BD36-14337F355C7E}.Debug|Any CPU.ActiveCfg = Debug|Any CPU
		{03422663-89B4-43C4-BD36-14337F355C7E}.Debug|Any CPU.Build.0 = Debug|Any CPU
		{03422663-89B4-43C4-BD36-14337F355C7E}.Release|Any CPU.ActiveCfg = Release|Any CPU
		{03422663-89B4-43C4-BD36-14337F355C7E}.Release|Any CPU.Build.0 = Release|Any CPU
		{99DA82BC-4029-4A2D-8361-6B7C1764A1A9}.Debug|Any CPU.ActiveCfg = Debug|Any CPU
		{99DA82BC-4029-4A2D-8361-6B7C1764A1A9}.Debug|Any CPU.Build.0 = Debug|Any CPU
		{99DA82BC-4029-4A2D-8361-6B7C1764A1A9}.Release|Any CPU.ActiveCfg = Release|Any CPU
		{99DA82BC-4029-4A2D-8361-6B7C1764A1A9}.Release|Any CPU.Build.0 = Release|Any CPU
	EndGlobalSection
	GlobalSection(SolutionProperties) = preSolution
		HideSolutionNode = FALSE
	EndGlobalSection
	GlobalSection(NestedProjects) = preSolution
		{D717E143-35CC-47D5-9374-3C58EE1CFBFF} = {78E78D34-5499-4B9E-9943-636B99567BDC}
		{77AE3C98-FC94-43FD-B432-BB0FDFAC032F} = {B096D024-B498-4E99-9CF0-A18FC92C9D04}
		{FF9DDE7D-C94A-4377-9C4A-C37977F24729} = {B096D024-B498-4E99-9CF0-A18FC92C9D04}
		{77D3CCDA-B70D-4912-B973-E6A2E0AB93D5} = {B096D024-B498-4E99-9CF0-A18FC92C9D04}
		{1C1FFACE-A860-4B47-BD9A-E7D3AAFE73B4} = {B096D024-B498-4E99-9CF0-A18FC92C9D04}
		{94CA777E-26BA-45A4-B4B8-A3E622DA7B24} = {B096D024-B498-4E99-9CF0-A18FC92C9D04}
		{4FDF57B8-7760-4B73-AC44-CE42F5243522} = {B096D024-B498-4E99-9CF0-A18FC92C9D04}
		{556BA801-B7F0-4403-B4FD-80BE5B7ADE24} = {B096D024-B498-4E99-9CF0-A18FC92C9D04}
		{B15B9242-5EEA-461F-A650-B1E4965D1D2C} = {B891F889-59FD-45FA-9FAE-F0A3708D6928}
		{57A77015-049F-4A05-8E57-E5A3121F09B0} = {B891F889-59FD-45FA-9FAE-F0A3708D6928}
		{C9A183EC-2A20-4C2B-AF04-512873DC28A0} = {B7E20BCF-2B3C-4F8E-99DA-7F3197447AEF}
		{15B689D1-98EE-49EF-97DC-670280EAD0B1} = {B7E20BCF-2B3C-4F8E-99DA-7F3197447AEF}
		{C30A9CE8-CE7F-4BEA-8812-9C55D504980B} = {B7E20BCF-2B3C-4F8E-99DA-7F3197447AEF}
		{2B32C03A-F750-459A-8637-6FB4360FDA04} = {B7E20BCF-2B3C-4F8E-99DA-7F3197447AEF}
		{EA61DE8F-4691-4BC5-8F29-EED2F5876881} = {B7E20BCF-2B3C-4F8E-99DA-7F3197447AEF}
		{7408C9F7-E25C-487E-84B3-B8DF01BC770C} = {B7E20BCF-2B3C-4F8E-99DA-7F3197447AEF}
		{33F759E0-00DB-4658-867A-8966D823B9F6} = {B7E20BCF-2B3C-4F8E-99DA-7F3197447AEF}
		{011014F0-E3FC-40C4-8A85-296344D7B333} = {B7E20BCF-2B3C-4F8E-99DA-7F3197447AEF}
		{7BAE6546-F12D-4644-A86E-717A2D62A55C} = {B7E20BCF-2B3C-4F8E-99DA-7F3197447AEF}
		{9D81E07E-363A-4DB1-8902-B103A0110F7B} = {B7E20BCF-2B3C-4F8E-99DA-7F3197447AEF}
		{03422663-89B4-43C4-BD36-14337F355C7E} = {B7E20BCF-2B3C-4F8E-99DA-7F3197447AEF}
		{99DA82BC-4029-4A2D-8361-6B7C1764A1A9} = {B7E20BCF-2B3C-4F8E-99DA-7F3197447AEF}
	EndGlobalSection
	GlobalSection(ExtensibilityGlobals) = postSolution
		SolutionGuid = {24D2FC3B-76A0-4366-AFAC-7682F816EEBB}
	EndGlobalSection
EndGlobal
