
Microsoft Visual Studio Solution File, Format Version 12.00
# Visual Studio Version 17
VisualStudioVersion = 17.7.34202.233
MinimumVisualStudioVersion = 10.0.40219.1
Project("{FAE04EC0-301F-11D3-BF4B-00C04F79EFBC}") = "01 Variables", "01 Variables\01 Variables.csproj", "{D717E143-35CC-47D5-9374-3C58EE1CFBFF}"
EndProject
Project("{2150E333-8FDC-42A3-9474-1A3956D46DE8}") = "01 Variables", "01 Variables", "{78E78D34-5499-4B9E-9943-636B99567BDC}"
EndProject
Project("{FAE04EC0-301F-11D3-BF4B-00C04F79EFBC}") = "02 Output", "02 Output\02 Output.csproj", "{77AE3C98-FC94-43FD-B432-BB0FDFAC032F}"
EndProject
Project("{2150E333-8FDC-42A3-9474-1A3956D46DE8}") = "02 Output", "02 Output", "{B096D024-B498-4E99-9CF0-A18FC92C9D04}"
EndProject
Project("{FAE04EC0-301F-11D3-BF4B-00C04F79EFBC}") = "Task_01", "Task_01\Task_01.csproj", "{FF9DDE7D-C94A-4377-9C4A-C37977F24729}"
EndProject
Project("{FAE04EC0-301F-11D3-BF4B-00C04F79EFBC}") = "Task_02", "Task_02\Task_02.csproj", "{77D3CCDA-B70D-4912-B973-E6A2E0AB93D5}"
EndProject
Project("{FAE04EC0-301F-11D3-BF4B-00C04F79EFBC}") = "Task_03", "Task_03\Task_03.csproj", "{1C1FFACE-A860-4B47-BD9A-E7D3AAFE73B4}"
EndProject
Project("{FAE04EC0-301F-11D3-BF4B-00C04F79EFBC}") = "Task_04", "Task_04\Task_04.csproj", "{94CA777E-26BA-45A4-B4B8-A3E622DA7B24}"
EndProject
Project("{FAE04EC0-301F-11D3-BF4B-00C04F79EFBC}") = "Task_05", "Task_05\Task_05.csproj", "{4FDF57B8-7760-4B73-AC44-CE42F5243522}"
EndProject
Project("{FAE04EC0-301F-11D3-BF4B-00C04F79EFBC}") = "Task_06", "Task_06\Task_06.csproj", "{556BA801-B7F0-4403-B4FD-80BE5B7ADE24}"
EndProject
Project("{2150E333-8FDC-42A3-9474-1A3956D46DE8}") = "03 Input", "03 Input", "{B891F889-59FD-45FA-9FAE-F0A3708D6928}"
EndProject
Project("{FAE04EC0-301F-11D3-BF4B-00C04F79EFBC}") = "Task_07", "Task_07\Task_07.csproj", "{B15B9242-5EEA-461F-A650-B1E4965D1D2C}"
EndProject
Project("{FAE04EC0-301F-11D3-BF4B-00C04F79EFBC}") = "Task_08", "Task_08\Task_08.csproj", "{57A77015-049F-4A05-8E57-E5A3121F09B0}"
EndProject
Project("{2150E333-8FDC-42A3-9474-1A3956D46DE8}") = "04 Statements and loops", "04 Statements and loops", "{B7E20BCF-2B3C-4F8E-99DA-7F3197447AEF}"
EndProject
Project("{FAE04EC0-301F-11D3-BF4B-00C04F79EFBC}") = "Task_09", "Task_09\Task_09.csproj", "{C9A183EC-2A20-4C2B-AF04-512873DC28A0}"
EndProject
Project("{FAE04EC0-301F-11D3-BF4B-00C04F79EFBC}") = "Task_10", "Task_10\Task_10.csproj", "{15B689D1-98EE-49EF-97DC-670280EAD0B1}"
EndProject
Project("{FAE04EC0-301F-11D3-BF4B-00C04F79EFBC}") = "Task_11", "Task_11\Task_11.csproj", "{C30A9CE8-CE7F-4BEA-8812-9C55D504980B}"
EndProject
Project("{FAE04EC0-301F-11D3-BF4B-00C04F79EFBC}") = "Task_13", "Task_13\Task_13.csproj", "{EA61DE8F-4691-4BC5-8F29-EED2F5876881}"
EndProject
Project("{FAE04EC0-301F-11D3-BF4B-00C04F79EFBC}") = "Task_14", "Task_14\Task_14.csproj", "{7408C9F7-E25C-487E-84B3-B8DF01BC770C}"
EndProject
Project("{FAE04EC0-301F-11D3-BF4B-00C04F79EFBC}") = "Task_15", "Task_15\Task_15.csproj", "{33F759E0-00DB-4658-867A-8966D823B9F6}"
EndProject
Project("{FAE04EC0-301F-11D3-BF4B-00C04F79EFBC}") = "Task_17", "Task_17\Task_17.csproj", "{011014F0-E3FC-40C4-8A85-296344D7B333}"
EndProject
Project("{FAE04EC0-301F-11D3-BF4B-00C04F79EFBC}") = "Task_16", "Task_16\Task_16.csproj", "{9D81E07E-363A-4DB1-8902-B103A0110F7B}"
EndProject
Project("{2150E333-8FDC-42A3-9474-1A3956D46DE8}") = "05 Arrays", "05 Arrays", "{8B8444C3-78F6-4624-AB52-9CC1EF094AAE}"
EndProject
Project("{FAE04EC0-301F-11D3-BF4B-00C04F79EFBC}") = "Task_21", "Task_21\Task_21.csproj", "{9782D9A2-EC23-4F5A-9261-2A03EC0A10C3}"
EndProject
Project("{FAE04EC0-301F-11D3-BF4B-00C04F79EFBC}") = "Task_22", "Task_22\Task_22.csproj", "{8AAE4684-3C22-4659-843C-017570C56C7A}"
EndProject
Project("{FAE04EC0-301F-11D3-BF4B-00C04F79EFBC}") = "Task_24", "Task_24\Task_24.csproj", "{B947B6B0-39B2-49C3-8081-44C0D211E54A}"
EndProject
Project("{FAE04EC0-301F-11D3-BF4B-00C04F79EFBC}") = "Task_26", "Task_26\Task_26.csproj", "{0BADD4AB-4AD7-4A46-A17F-04F64A6AD42A}"
EndProject
Project("{FAE04EC0-301F-11D3-BF4B-00C04F79EFBC}") = "Task_27", "Task_27\Task_27.csproj", "{F2879A9E-43FB-470E-8A43-56E1EBBB7E65}"
EndProject
Project("{FAE04EC0-301F-11D3-BF4B-00C04F79EFBC}") = "Task_28", "Task_28\Task_28.csproj", "{E14F5ACC-5F00-4910-BBBD-8B584926EB14}"
EndProject
Project("{2150E333-8FDC-42A3-9474-1A3956D46DE8}") = "06 Methods (functions)", "06 Methods (functions)", "{07167542-629A-41CB-9969-CBB6BD7D834E}"
EndProject
Project("{FAE04EC0-301F-11D3-BF4B-00C04F79EFBC}") = "Task_29", "Task_29\Task_29.csproj", "{9201E5E5-F082-4CF6-BB5F-69752D87F52B}"
EndProject
Project("{FAE04EC0-301F-11D3-BF4B-00C04F79EFBC}") = "Task_30", "Task_30\Task_30.csproj", "{2CDADE24-326C-41BB-BD22-BD2C85C5E900}"
EndProject
Project("{FAE04EC0-301F-11D3-BF4B-00C04F79EFBC}") = "Task_31", "Task_31\Task_31.csproj", "{2A199044-CCE8-45F3-876F-229C04C4A763}"
EndProject
Project("{FAE04EC0-301F-11D3-BF4B-00C04F79EFBC}") = "Task_32", "Task_32\Task_32.csproj", "{449A31A0-418F-495D-B93F-0F592D416840}"
EndProject
Project("{FAE04EC0-301F-11D3-BF4B-00C04F79EFBC}") = "Task_33", "Task_33\Task_33.csproj", "{8D3044BE-C055-4BCC-A821-96DEFD5F9439}"
EndProject
Project("{FAE04EC0-301F-11D3-BF4B-00C04F79EFBC}") = "Task_34", "Task_34\Task_34.csproj", "{E17CC5D6-66A1-46C6-BEA3-83F145F07773}"
EndProject
Global
	GlobalSection(SolutionConfigurationPlatforms) = preSolution
		Debug|Any CPU = Debug|Any CPU
		Release|Any CPU = Release|Any CPU
	EndGlobalSection
	GlobalSection(ProjectConfigurationPlatforms) = postSolution
		{D717E143-35CC-47D5-9374-3C58EE1CFBFF}.Debug|Any CPU.ActiveCfg = Debug|Any CPU
		{D717E143-35CC-47D5-9374-3C58EE1CFBFF}.Debug|Any CPU.Build.0 = Debug|Any CPU
		{D717E143-35CC-47D5-9374-3C58EE1CFBFF}.Release|Any CPU.ActiveCfg = Release|Any CPU
		{D717E143-35CC-47D5-9374-3C58EE1CFBFF}.Release|Any CPU.Build.0 = Release|Any CPU
		{77AE3C98-FC94-43FD-B432-BB0FDFAC032F}.Debug|Any CPU.ActiveCfg = Debug|Any CPU
		{77AE3C98-FC94-43FD-B432-BB0FDFAC032F}.Debug|Any CPU.Build.0 = Debug|Any CPU
		{77AE3C98-FC94-43FD-B432-BB0FDFAC032F}.Release|Any CPU.ActiveCfg = Release|Any CPU
		{77AE3C98-FC94-43FD-B432-BB0FDFAC032F}.Release|Any CPU.Build.0 = Release|Any CPU
		{FF9DDE7D-C94A-4377-9C4A-C37977F24729}.Debug|Any CPU.ActiveCfg = Debug|Any CPU
		{FF9DDE7D-C94A-4377-9C4A-C37977F24729}.Debug|Any CPU.Build.0 = Debug|Any CPU
		{FF9DDE7D-C94A-4377-9C4A-C37977F24729}.Release|Any CPU.ActiveCfg = Release|Any CPU
		{FF9DDE7D-C94A-4377-9C4A-C37977F24729}.Release|Any CPU.Build.0 = Release|Any CPU
		{77D3CCDA-B70D-4912-B973-E6A2E0AB93D5}.Debug|Any CPU.ActiveCfg = Debug|Any CPU
		{77D3CCDA-B70D-4912-B973-E6A2E0AB93D5}.Debug|Any CPU.Build.0 = Debug|Any CPU
		{77D3CCDA-B70D-4912-B973-E6A2E0AB93D5}.Release|Any CPU.ActiveCfg = Release|Any CPU
		{77D3CCDA-B70D-4912-B973-E6A2E0AB93D5}.Release|Any CPU.Build.0 = Release|Any CPU
		{1C1FFACE-A860-4B47-BD9A-E7D3AAFE73B4}.Debug|Any CPU.ActiveCfg = Debug|Any CPU
		{1C1FFACE-A860-4B47-BD9A-E7D3AAFE73B4}.Debug|Any CPU.Build.0 = Debug|Any CPU
		{1C1FFACE-A860-4B47-BD9A-E7D3AAFE73B4}.Release|Any CPU.ActiveCfg = Release|Any CPU
		{1C1FFACE-A860-4B47-BD9A-E7D3AAFE73B4}.Release|Any CPU.Build.0 = Release|Any CPU
		{94CA777E-26BA-45A4-B4B8-A3E622DA7B24}.Debug|Any CPU.ActiveCfg = Debug|Any CPU
		{94CA777E-26BA-45A4-B4B8-A3E622DA7B24}.Debug|Any CPU.Build.0 = Debug|Any CPU
		{94CA777E-26BA-45A4-B4B8-A3E622DA7B24}.Release|Any CPU.ActiveCfg = Release|Any CPU
		{94CA777E-26BA-45A4-B4B8-A3E622DA7B24}.Release|Any CPU.Build.0 = Release|Any CPU
		{4FDF57B8-7760-4B73-AC44-CE42F5243522}.Debug|Any CPU.ActiveCfg = Debug|Any CPU
		{4FDF57B8-7760-4B73-AC44-CE42F5243522}.Debug|Any CPU.Build.0 = Debug|Any CPU
		{4FDF57B8-7760-4B73-AC44-CE42F5243522}.Release|Any CPU.ActiveCfg = Release|Any CPU
		{4FDF57B8-7760-4B73-AC44-CE42F5243522}.Release|Any CPU.Build.0 = Release|Any CPU
		{556BA801-B7F0-4403-B4FD-80BE5B7ADE24}.Debug|Any CPU.ActiveCfg = Debug|Any CPU
		{556BA801-B7F0-4403-B4FD-80BE5B7ADE24}.Debug|Any CPU.Build.0 = Debug|Any CPU
		{556BA801-B7F0-4403-B4FD-80BE5B7ADE24}.Release|Any CPU.ActiveCfg = Release|Any CPU
		{556BA801-B7F0-4403-B4FD-80BE5B7ADE24}.Release|Any CPU.Build.0 = Release|Any CPU
		{9782D9A2-EC23-4F5A-9261-2A03EC0A10C3}.Debug|Any CPU.ActiveCfg = Debug|Any CPU
		{9782D9A2-EC23-4F5A-9261-2A03EC0A10C3}.Debug|Any CPU.Build.0 = Debug|Any CPU
		{9782D9A2-EC23-4F5A-9261-2A03EC0A10C3}.Release|Any CPU.ActiveCfg = Release|Any CPU
		{9782D9A2-EC23-4F5A-9261-2A03EC0A10C3}.Release|Any CPU.Build.0 = Release|Any CPU
		{8AAE4684-3C22-4659-843C-017570C56C7A}.Debug|Any CPU.ActiveCfg = Debug|Any CPU
		{8AAE4684-3C22-4659-843C-017570C56C7A}.Debug|Any CPU.Build.0 = Debug|Any CPU
		{8AAE4684-3C22-4659-843C-017570C56C7A}.Release|Any CPU.ActiveCfg = Release|Any CPU
		{8AAE4684-3C22-4659-843C-017570C56C7A}.Release|Any CPU.Build.0 = Release|Any CPU
		{B947B6B0-39B2-49C3-8081-44C0D211E54A}.Debug|Any CPU.ActiveCfg = Debug|Any CPU
		{B947B6B0-39B2-49C3-8081-44C0D211E54A}.Debug|Any CPU.Build.0 = Debug|Any CPU
		{B947B6B0-39B2-49C3-8081-44C0D211E54A}.Release|Any CPU.ActiveCfg = Release|Any CPU
		{B947B6B0-39B2-49C3-8081-44C0D211E54A}.Release|Any CPU.Build.0 = Release|Any CPU
		{0BADD4AB-4AD7-4A46-A17F-04F64A6AD42A}.Debug|Any CPU.ActiveCfg = Debug|Any CPU
		{0BADD4AB-4AD7-4A46-A17F-04F64A6AD42A}.Debug|Any CPU.Build.0 = Debug|Any CPU
		{0BADD4AB-4AD7-4A46-A17F-04F64A6AD42A}.Release|Any CPU.ActiveCfg = Release|Any CPU
		{0BADD4AB-4AD7-4A46-A17F-04F64A6AD42A}.Release|Any CPU.Build.0 = Release|Any CPU
		{F2879A9E-43FB-470E-8A43-56E1EBBB7E65}.Debug|Any CPU.ActiveCfg = Debug|Any CPU
		{F2879A9E-43FB-470E-8A43-56E1EBBB7E65}.Debug|Any CPU.Build.0 = Debug|Any CPU
		{F2879A9E-43FB-470E-8A43-56E1EBBB7E65}.Release|Any CPU.ActiveCfg = Release|Any CPU
		{F2879A9E-43FB-470E-8A43-56E1EBBB7E65}.Release|Any CPU.Build.0 = Release|Any CPU
		{E14F5ACC-5F00-4910-BBBD-8B584926EB14}.Debug|Any CPU.ActiveCfg = Debug|Any CPU
		{E14F5ACC-5F00-4910-BBBD-8B584926EB14}.Debug|Any CPU.Build.0 = Debug|Any CPU
		{E14F5ACC-5F00-4910-BBBD-8B584926EB14}.Release|Any CPU.ActiveCfg = Release|Any CPU
		{E14F5ACC-5F00-4910-BBBD-8B584926EB14}.Release|Any CPU.Build.0 = Release|Any CPU
		{9201E5E5-F082-4CF6-BB5F-69752D87F52B}.Debug|Any CPU.ActiveCfg = Debug|Any CPU
		{9201E5E5-F082-4CF6-BB5F-69752D87F52B}.Debug|Any CPU.Build.0 = Debug|Any CPU
		{9201E5E5-F082-4CF6-BB5F-69752D87F52B}.Release|Any CPU.ActiveCfg = Release|Any CPU
		{9201E5E5-F082-4CF6-BB5F-69752D87F52B}.Release|Any CPU.Build.0 = Release|Any CPU
		{2CDADE24-326C-41BB-BD22-BD2C85C5E900}.Debug|Any CPU.ActiveCfg = Debug|Any CPU
		{2CDADE24-326C-41BB-BD22-BD2C85C5E900}.Debug|Any CPU.Build.0 = Debug|Any CPU
		{2CDADE24-326C-41BB-BD22-BD2C85C5E900}.Release|Any CPU.ActiveCfg = Release|Any CPU
		{2CDADE24-326C-41BB-BD22-BD2C85C5E900}.Release|Any CPU.Build.0 = Release|Any CPU
		{2A199044-CCE8-45F3-876F-229C04C4A763}.Debug|Any CPU.ActiveCfg = Debug|Any CPU
		{2A199044-CCE8-45F3-876F-229C04C4A763}.Debug|Any CPU.Build.0 = Debug|Any CPU
		{2A199044-CCE8-45F3-876F-229C04C4A763}.Release|Any CPU.ActiveCfg = Release|Any CPU
		{2A199044-CCE8-45F3-876F-229C04C4A763}.Release|Any CPU.Build.0 = Release|Any CPU
		{449A31A0-418F-495D-B93F-0F592D416840}.Debug|Any CPU.ActiveCfg = Debug|Any CPU
		{449A31A0-418F-495D-B93F-0F592D416840}.Debug|Any CPU.Build.0 = Debug|Any CPU
		{449A31A0-418F-495D-B93F-0F592D416840}.Release|Any CPU.ActiveCfg = Release|Any CPU
		{449A31A0-418F-495D-B93F-0F592D416840}.Release|Any CPU.Build.0 = Release|Any CPU
		{8D3044BE-C055-4BCC-A821-96DEFD5F9439}.Debug|Any CPU.ActiveCfg = Debug|Any CPU
		{8D3044BE-C055-4BCC-A821-96DEFD5F9439}.Debug|Any CPU.Build.0 = Debug|Any CPU
		{8D3044BE-C055-4BCC-A821-96DEFD5F9439}.Release|Any CPU.ActiveCfg = Release|Any CPU
		{8D3044BE-C055-4BCC-A821-96DEFD5F9439}.Release|Any CPU.Build.0 = Release|Any CPU
		{E17CC5D6-66A1-46C6-BEA3-83F145F07773}.Debug|Any CPU.ActiveCfg = Debug|Any CPU
		{E17CC5D6-66A1-46C6-BEA3-83F145F07773}.Debug|Any CPU.Build.0 = Debug|Any CPU
		{E17CC5D6-66A1-46C6-BEA3-83F145F07773}.Release|Any CPU.ActiveCfg = Release|Any CPU
		{E17CC5D6-66A1-46C6-BEA3-83F145F07773}.Release|Any CPU.Build.0 = Release|Any CPU
		{B15B9242-5EEA-461F-A650-B1E4965D1D2C}.Debug|Any CPU.ActiveCfg = Debug|Any CPU
		{B15B9242-5EEA-461F-A650-B1E4965D1D2C}.Debug|Any CPU.Build.0 = Debug|Any CPU
		{B15B9242-5EEA-461F-A650-B1E4965D1D2C}.Release|Any CPU.ActiveCfg = Release|Any CPU
		{B15B9242-5EEA-461F-A650-B1E4965D1D2C}.Release|Any CPU.Build.0 = Release|Any CPU
		{57A77015-049F-4A05-8E57-E5A3121F09B0}.Debug|Any CPU.ActiveCfg = Debug|Any CPU
		{57A77015-049F-4A05-8E57-E5A3121F09B0}.Debug|Any CPU.Build.0 = Debug|Any CPU
		{57A77015-049F-4A05-8E57-E5A3121F09B0}.Release|Any CPU.ActiveCfg = Release|Any CPU
		{57A77015-049F-4A05-8E57-E5A3121F09B0}.Release|Any CPU.Build.0 = Release|Any CPU
		{C9A183EC-2A20-4C2B-AF04-512873DC28A0}.Debug|Any CPU.ActiveCfg = Debug|Any CPU
		{C9A183EC-2A20-4C2B-AF04-512873DC28A0}.Debug|Any CPU.Build.0 = Debug|Any CPU
		{C9A183EC-2A20-4C2B-AF04-512873DC28A0}.Release|Any CPU.ActiveCfg = Release|Any CPU
		{C9A183EC-2A20-4C2B-AF04-512873DC28A0}.Release|Any CPU.Build.0 = Release|Any CPU
		{15B689D1-98EE-49EF-97DC-670280EAD0B1}.Debug|Any CPU.ActiveCfg = Debug|Any CPU
		{15B689D1-98EE-49EF-97DC-670280EAD0B1}.Debug|Any CPU.Build.0 = Debug|Any CPU
		{15B689D1-98EE-49EF-97DC-670280EAD0B1}.Release|Any CPU.ActiveCfg = Release|Any CPU
		{15B689D1-98EE-49EF-97DC-670280EAD0B1}.Release|Any CPU.Build.0 = Release|Any CPU
		{C30A9CE8-CE7F-4BEA-8812-9C55D504980B}.Debug|Any CPU.ActiveCfg = Debug|Any CPU
		{C30A9CE8-CE7F-4BEA-8812-9C55D504980B}.Debug|Any CPU.Build.0 = Debug|Any CPU
		{C30A9CE8-CE7F-4BEA-8812-9C55D504980B}.Release|Any CPU.ActiveCfg = Release|Any CPU
		{C30A9CE8-CE7F-4BEA-8812-9C55D504980B}.Release|Any CPU.Build.0 = Release|Any CPU
		{EA61DE8F-4691-4BC5-8F29-EED2F5876881}.Debug|Any CPU.ActiveCfg = Debug|Any CPU
		{EA61DE8F-4691-4BC5-8F29-EED2F5876881}.Debug|Any CPU.Build.0 = Debug|Any CPU
		{EA61DE8F-4691-4BC5-8F29-EED2F5876881}.Release|Any CPU.ActiveCfg = Release|Any CPU
		{EA61DE8F-4691-4BC5-8F29-EED2F5876881}.Release|Any CPU.Build.0 = Release|Any CPU
		{7408C9F7-E25C-487E-84B3-B8DF01BC770C}.Debug|Any CPU.ActiveCfg = Debug|Any CPU
		{7408C9F7-E25C-487E-84B3-B8DF01BC770C}.Debug|Any CPU.Build.0 = Debug|Any CPU
		{7408C9F7-E25C-487E-84B3-B8DF01BC770C}.Release|Any CPU.ActiveCfg = Release|Any CPU
		{7408C9F7-E25C-487E-84B3-B8DF01BC770C}.Release|Any CPU.Build.0 = Release|Any CPU
		{33F759E0-00DB-4658-867A-8966D823B9F6}.Debug|Any CPU.ActiveCfg = Debug|Any CPU
		{33F759E0-00DB-4658-867A-8966D823B9F6}.Debug|Any CPU.Build.0 = Debug|Any CPU
		{33F759E0-00DB-4658-867A-8966D823B9F6}.Release|Any CPU.ActiveCfg = Release|Any CPU
		{33F759E0-00DB-4658-867A-8966D823B9F6}.Release|Any CPU.Build.0 = Release|Any CPU
		{011014F0-E3FC-40C4-8A85-296344D7B333}.Debug|Any CPU.ActiveCfg = Debug|Any CPU
		{011014F0-E3FC-40C4-8A85-296344D7B333}.Debug|Any CPU.Build.0 = Debug|Any CPU
		{011014F0-E3FC-40C4-8A85-296344D7B333}.Release|Any CPU.ActiveCfg = Release|Any CPU
		{011014F0-E3FC-40C4-8A85-296344D7B333}.Release|Any CPU.Build.0 = Release|Any CPU
		{9D81E07E-363A-4DB1-8902-B103A0110F7B}.Debug|Any CPU.ActiveCfg = Debug|Any CPU
		{9D81E07E-363A-4DB1-8902-B103A0110F7B}.Debug|Any CPU.Build.0 = Debug|Any CPU
		{9D81E07E-363A-4DB1-8902-B103A0110F7B}.Release|Any CPU.ActiveCfg = Release|Any CPU
		{9D81E07E-363A-4DB1-8902-B103A0110F7B}.Release|Any CPU.Build.0 = Release|Any CPU
	EndGlobalSection
	GlobalSection(SolutionProperties) = preSolution
		HideSolutionNode = FALSE
	EndGlobalSection
	GlobalSection(NestedProjects) = preSolution
		{D717E143-35CC-47D5-9374-3C58EE1CFBFF} = {78E78D34-5499-4B9E-9943-636B99567BDC}
		{77AE3C98-FC94-43FD-B432-BB0FDFAC032F} = {B096D024-B498-4E99-9CF0-A18FC92C9D04}
		{FF9DDE7D-C94A-4377-9C4A-C37977F24729} = {B096D024-B498-4E99-9CF0-A18FC92C9D04}
		{77D3CCDA-B70D-4912-B973-E6A2E0AB93D5} = {B096D024-B498-4E99-9CF0-A18FC92C9D04}
		{1C1FFACE-A860-4B47-BD9A-E7D3AAFE73B4} = {B096D024-B498-4E99-9CF0-A18FC92C9D04}
		{94CA777E-26BA-45A4-B4B8-A3E622DA7B24} = {B096D024-B498-4E99-9CF0-A18FC92C9D04}
		{4FDF57B8-7760-4B73-AC44-CE42F5243522} = {B096D024-B498-4E99-9CF0-A18FC92C9D04}
		{556BA801-B7F0-4403-B4FD-80BE5B7ADE24} = {B096D024-B498-4E99-9CF0-A18FC92C9D04}
		{9782D9A2-EC23-4F5A-9261-2A03EC0A10C3} = {8B8444C3-78F6-4624-AB52-9CC1EF094AAE}
		{8AAE4684-3C22-4659-843C-017570C56C7A} = {8B8444C3-78F6-4624-AB52-9CC1EF094AAE}
		{B947B6B0-39B2-49C3-8081-44C0D211E54A} = {8B8444C3-78F6-4624-AB52-9CC1EF094AAE}
		{0BADD4AB-4AD7-4A46-A17F-04F64A6AD42A} = {8B8444C3-78F6-4624-AB52-9CC1EF094AAE}
		{F2879A9E-43FB-470E-8A43-56E1EBBB7E65} = {8B8444C3-78F6-4624-AB52-9CC1EF094AAE}
		{E14F5ACC-5F00-4910-BBBD-8B584926EB14} = {07167542-629A-41CB-9969-CBB6BD7D834E}
		{9201E5E5-F082-4CF6-BB5F-69752D87F52B} = {07167542-629A-41CB-9969-CBB6BD7D834E}
		{2CDADE24-326C-41BB-BD22-BD2C85C5E900} = {07167542-629A-41CB-9969-CBB6BD7D834E}
		{2A199044-CCE8-45F3-876F-229C04C4A763} = {07167542-629A-41CB-9969-CBB6BD7D834E}
		{449A31A0-418F-495D-B93F-0F592D416840} = {07167542-629A-41CB-9969-CBB6BD7D834E}
		{8D3044BE-C055-4BCC-A821-96DEFD5F9439} = {07167542-629A-41CB-9969-CBB6BD7D834E}
		{E17CC5D6-66A1-46C6-BEA3-83F145F07773} = {07167542-629A-41CB-9969-CBB6BD7D834E}
		{B15B9242-5EEA-461F-A650-B1E4965D1D2C} = {B891F889-59FD-45FA-9FAE-F0A3708D6928}
		{57A77015-049F-4A05-8E57-E5A3121F09B0} = {B891F889-59FD-45FA-9FAE-F0A3708D6928}
		{C9A183EC-2A20-4C2B-AF04-512873DC28A0} = {B7E20BCF-2B3C-4F8E-99DA-7F3197447AEF}
		{15B689D1-98EE-49EF-97DC-670280EAD0B1} = {B7E20BCF-2B3C-4F8E-99DA-7F3197447AEF}
		{C30A9CE8-CE7F-4BEA-8812-9C55D504980B} = {B7E20BCF-2B3C-4F8E-99DA-7F3197447AEF}
		{EA61DE8F-4691-4BC5-8F29-EED2F5876881} = {B7E20BCF-2B3C-4F8E-99DA-7F3197447AEF}
		{7408C9F7-E25C-487E-84B3-B8DF01BC770C} = {B7E20BCF-2B3C-4F8E-99DA-7F3197447AEF}
		{33F759E0-00DB-4658-867A-8966D823B9F6} = {B7E20BCF-2B3C-4F8E-99DA-7F3197447AEF}
		{011014F0-E3FC-40C4-8A85-296344D7B333} = {B7E20BCF-2B3C-4F8E-99DA-7F3197447AEF}
		{9D81E07E-363A-4DB1-8902-B103A0110F7B} = {B7E20BCF-2B3C-4F8E-99DA-7F3197447AEF}
	EndGlobalSection
	GlobalSection(ExtensibilityGlobals) = postSolution
		SolutionGuid = {24D2FC3B-76A0-4366-AFAC-7682F816EEBB}
	EndGlobalSection
EndGlobal
